// !$*UTF8*$!
{
	archiveVersion = 1;
	classes = {
	};
	objectVersion = 46;
	objects = {

/* Begin PBXBuildFile section */
		320802DD1C28F7A60033BC09 /* main.m in Sources */ = {isa = PBXBuildFile; fileRef = 320802DC1C28F7A60033BC09 /* main.m */; };
		320802E01C28F7A60033BC09 /* AppDelegate.m in Sources */ = {isa = PBXBuildFile; fileRef = 320802DF1C28F7A60033BC09 /* AppDelegate.m */; };
		320802E31C28F7A60033BC09 /* ViewController.m in Sources */ = {isa = PBXBuildFile; fileRef = 320802E21C28F7A60033BC09 /* ViewController.m */; };
		320802E61C28F7A60033BC09 /* Main.storyboard in Resources */ = {isa = PBXBuildFile; fileRef = 320802E41C28F7A60033BC09 /* Main.storyboard */; };
		320802E81C28F7A60033BC09 /* Assets.xcassets in Resources */ = {isa = PBXBuildFile; fileRef = 320802E71C28F7A60033BC09 /* Assets.xcassets */; };
		320802EB1C28F7A60033BC09 /* LaunchScreen.storyboard in Resources */ = {isa = PBXBuildFile; fileRef = 320802E91C28F7A60033BC09 /* LaunchScreen.storyboard */; };
		320802F81C28F7E20033BC09 /* NSObject+KTJUtil.m in Sources */ = {isa = PBXBuildFile; fileRef = 320802F71C28F7E20033BC09 /* NSObject+KTJUtil.m */; };
		320802FC1C28F9240033BC09 /* UITableView+KTJUtil.m in Sources */ = {isa = PBXBuildFile; fileRef = 320802FB1C28F9240033BC09 /* UITableView+KTJUtil.m */; };
		320803021C28F9D00033BC09 /* UITableViewCell+KTJUtil.m in Sources */ = {isa = PBXBuildFile; fileRef = 320803011C28F9D00033BC09 /* UITableViewCell+KTJUtil.m */; };
		320803051C28FA060033BC09 /* UITableViewHeaderFooterView+KTJUtil.m in Sources */ = {isa = PBXBuildFile; fileRef = 320803041C28FA060033BC09 /* UITableViewHeaderFooterView+KTJUtil.m */; };
		320803081C28FA8E0033BC09 /* NSString+KTJUtil.m in Sources */ = {isa = PBXBuildFile; fileRef = 320803071C28FA8E0033BC09 /* NSString+KTJUtil.m */; };
		3208030B1C28FAE20033BC09 /* UIControl+KTJUtil.m in Sources */ = {isa = PBXBuildFile; fileRef = 3208030A1C28FAE20033BC09 /* UIControl+KTJUtil.m */; };
		3208030E1C28FE050033BC09 /* UIGestureRecognizer+KTJUtil.m in Sources */ = {isa = PBXBuildFile; fileRef = 3208030D1C28FE050033BC09 /* UIGestureRecognizer+KTJUtil.m */; };
		320803111C28FEE30033BC09 /* UIImage+KTJUtil.m in Sources */ = {isa = PBXBuildFile; fileRef = 320803101C28FEE30033BC09 /* UIImage+KTJUtil.m */; };
		320803141C28FF5F0033BC09 /* UIView+KTJUtil.m in Sources */ = {isa = PBXBuildFile; fileRef = 320803131C28FF5F0033BC09 /* UIView+KTJUtil.m */; };
/* End PBXBuildFile section */

/* Begin PBXFileReference section */
		320802D81C28F7A60033BC09 /* Demp_KTJUtil.app */ = {isa = PBXFileReference; explicitFileType = wrapper.application; includeInIndex = 0; path = Demp_KTJUtil.app; sourceTree = BUILT_PRODUCTS_DIR; };
		320802DC1C28F7A60033BC09 /* main.m */ = {isa = PBXFileReference; lastKnownFileType = sourcecode.c.objc; path = main.m; sourceTree = "<group>"; };
		320802DE1C28F7A60033BC09 /* AppDelegate.h */ = {isa = PBXFileReference; lastKnownFileType = sourcecode.c.h; path = AppDelegate.h; sourceTree = "<group>"; };
		320802DF1C28F7A60033BC09 /* AppDelegate.m */ = {isa = PBXFileReference; lastKnownFileType = sourcecode.c.objc; path = AppDelegate.m; sourceTree = "<group>"; };
		320802E11C28F7A60033BC09 /* ViewController.h */ = {isa = PBXFileReference; lastKnownFileType = sourcecode.c.h; path = ViewController.h; sourceTree = "<group>"; };
		320802E21C28F7A60033BC09 /* ViewController.m */ = {isa = PBXFileReference; lastKnownFileType = sourcecode.c.objc; path = ViewController.m; sourceTree = "<group>"; };
		320802E51C28F7A60033BC09 /* Base */ = {isa = PBXFileReference; lastKnownFileType = file.storyboard; name = Base; path = Base.lproj/Main.storyboard; sourceTree = "<group>"; };
		320802E71C28F7A60033BC09 /* Assets.xcassets */ = {isa = PBXFileReference; lastKnownFileType = folder.assetcatalog; path = Assets.xcassets; sourceTree = "<group>"; };
		320802EA1C28F7A60033BC09 /* Base */ = {isa = PBXFileReference; lastKnownFileType = file.storyboard; name = Base; path = Base.lproj/LaunchScreen.storyboard; sourceTree = "<group>"; };
		320802EC1C28F7A60033BC09 /* Info.plist */ = {isa = PBXFileReference; lastKnownFileType = text.plist.xml; path = Info.plist; sourceTree = "<group>"; };
		320802F61C28F7E20033BC09 /* NSObject+KTJUtil.h */ = {isa = PBXFileReference; fileEncoding = 4; lastKnownFileType = sourcecode.c.h; path = "NSObject+KTJUtil.h"; sourceTree = "<group>"; };
		320802F71C28F7E20033BC09 /* NSObject+KTJUtil.m */ = {isa = PBXFileReference; fileEncoding = 4; lastKnownFileType = sourcecode.c.objc; path = "NSObject+KTJUtil.m"; sourceTree = "<group>"; };
		320802F91C28F8280033BC09 /* KTJUtilHeader.h */ = {isa = PBXFileReference; lastKnownFileType = sourcecode.c.h; path = KTJUtilHeader.h; sourceTree = "<group>"; };
		320802FA1C28F9240033BC09 /* UITableView+KTJUtil.h */ = {isa = PBXFileReference; fileEncoding = 4; lastKnownFileType = sourcecode.c.h; path = "UITableView+KTJUtil.h"; sourceTree = "<group>"; };
		320802FB1C28F9240033BC09 /* UITableView+KTJUtil.m */ = {isa = PBXFileReference; fileEncoding = 4; lastKnownFileType = sourcecode.c.objc; path = "UITableView+KTJUtil.m"; sourceTree = "<group>"; };
		320803001C28F9D00033BC09 /* UITableViewCell+KTJUtil.h */ = {isa = PBXFileReference; fileEncoding = 4; lastKnownFileType = sourcecode.c.h; path = "UITableViewCell+KTJUtil.h"; sourceTree = "<group>"; };
		320803011C28F9D00033BC09 /* UITableViewCell+KTJUtil.m */ = {isa = PBXFileReference; fileEncoding = 4; lastKnownFileType = sourcecode.c.objc; path = "UITableViewCell+KTJUtil.m"; sourceTree = "<group>"; };
		320803031C28FA060033BC09 /* UITableViewHeaderFooterView+KTJUtil.h */ = {isa = PBXFileReference; fileEncoding = 4; lastKnownFileType = sourcecode.c.h; path = "UITableViewHeaderFooterView+KTJUtil.h"; sourceTree = "<group>"; };
		320803041C28FA060033BC09 /* UITableViewHeaderFooterView+KTJUtil.m */ = {isa = PBXFileReference; fileEncoding = 4; lastKnownFileType = sourcecode.c.objc; path = "UITableViewHeaderFooterView+KTJUtil.m"; sourceTree = "<group>"; };
		320803061C28FA8E0033BC09 /* NSString+KTJUtil.h */ = {isa = PBXFileReference; fileEncoding = 4; lastKnownFileType = sourcecode.c.h; path = "NSString+KTJUtil.h"; sourceTree = "<group>"; };
		320803071C28FA8E0033BC09 /* NSString+KTJUtil.m */ = {isa = PBXFileReference; fileEncoding = 4; lastKnownFileType = sourcecode.c.objc; path = "NSString+KTJUtil.m"; sourceTree = "<group>"; };
		320803091C28FAE20033BC09 /* UIControl+KTJUtil.h */ = {isa = PBXFileReference; fileEncoding = 4; lastKnownFileType = sourcecode.c.h; path = "UIControl+KTJUtil.h"; sourceTree = "<group>"; };
		3208030A1C28FAE20033BC09 /* UIControl+KTJUtil.m */ = {isa = PBXFileReference; fileEncoding = 4; lastKnownFileType = sourcecode.c.objc; path = "UIControl+KTJUtil.m"; sourceTree = "<group>"; };
		3208030C1C28FE050033BC09 /* UIGestureRecognizer+KTJUtil.h */ = {isa = PBXFileReference; fileEncoding = 4; lastKnownFileType = sourcecode.c.h; path = "UIGestureRecognizer+KTJUtil.h"; sourceTree = "<group>"; };
		3208030D1C28FE050033BC09 /* UIGestureRecognizer+KTJUtil.m */ = {isa = PBXFileReference; fileEncoding = 4; lastKnownFileType = sourcecode.c.objc; path = "UIGestureRecognizer+KTJUtil.m"; sourceTree = "<group>"; };
		3208030F1C28FEE30033BC09 /* UIImage+KTJUtil.h */ = {isa = PBXFileReference; fileEncoding = 4; lastKnownFileType = sourcecode.c.h; path = "UIImage+KTJUtil.h"; sourceTree = "<group>"; };
		320803101C28FEE30033BC09 /* UIImage+KTJUtil.m */ = {isa = PBXFileReference; fileEncoding = 4; lastKnownFileType = sourcecode.c.objc; path = "UIImage+KTJUtil.m"; sourceTree = "<group>"; };
		320803121C28FF5F0033BC09 /* UIView+KTJUtil.h */ = {isa = PBXFileReference; fileEncoding = 4; lastKnownFileType = sourcecode.c.h; path = "UIView+KTJUtil.h"; sourceTree = "<group>"; };
		320803131C28FF5F0033BC09 /* UIView+KTJUtil.m */ = {isa = PBXFileReference; fileEncoding = 4; lastKnownFileType = sourcecode.c.objc; path = "UIView+KTJUtil.m"; sourceTree = "<group>"; };
/* End PBXFileReference section */

/* Begin PBXFrameworksBuildPhase section */
		320802D51C28F7A60033BC09 /* Frameworks */ = {
			isa = PBXFrameworksBuildPhase;
			buildActionMask = 2147483647;
			files = (
			);
			runOnlyForDeploymentPostprocessing = 0;
		};
/* End PBXFrameworksBuildPhase section */

/* Begin PBXGroup section */
		320802CF1C28F7A60033BC09 = {
			isa = PBXGroup;
			children = (
				320802F21C28F7BD0033BC09 /* KTJUtil */,
				320802DA1C28F7A60033BC09 /* Demp_KTJUtil */,
				320802D91C28F7A60033BC09 /* Products */,
			);
			sourceTree = "<group>";
		};
		320802D91C28F7A60033BC09 /* Products */ = {
			isa = PBXGroup;
			children = (
				320802D81C28F7A60033BC09 /* Demp_KTJUtil.app */,
			);
			name = Products;
			sourceTree = "<group>";
		};
		320802DA1C28F7A60033BC09 /* Demp_KTJUtil */ = {
			isa = PBXGroup;
			children = (
				320802DE1C28F7A60033BC09 /* AppDelegate.h */,
				320802DF1C28F7A60033BC09 /* AppDelegate.m */,
				320802E11C28F7A60033BC09 /* ViewController.h */,
				320802E21C28F7A60033BC09 /* ViewController.m */,
				320802E41C28F7A60033BC09 /* Main.storyboard */,
				320802E71C28F7A60033BC09 /* Assets.xcassets */,
				320802E91C28F7A60033BC09 /* LaunchScreen.storyboard */,
				320802EC1C28F7A60033BC09 /* Info.plist */,
				320802DB1C28F7A60033BC09 /* Supporting Files */,
			);
			path = Demp_KTJUtil;
			sourceTree = "<group>";
		};
		320802DB1C28F7A60033BC09 /* Supporting Files */ = {
			isa = PBXGroup;
			children = (
				320802DC1C28F7A60033BC09 /* main.m */,
			);
			name = "Supporting Files";
			sourceTree = "<group>";
		};
		320802F21C28F7BD0033BC09 /* KTJUtil */ = {
			isa = PBXGroup;
			children = (
				320802F91C28F8280033BC09 /* KTJUtilHeader.h */,
				320802F61C28F7E20033BC09 /* NSObject+KTJUtil.h */,
				320802F71C28F7E20033BC09 /* NSObject+KTJUtil.m */,
				320802FA1C28F9240033BC09 /* UITableView+KTJUtil.h */,
				320802FB1C28F9240033BC09 /* UITableView+KTJUtil.m */,
				320803001C28F9D00033BC09 /* UITableViewCell+KTJUtil.h */,
				320803011C28F9D00033BC09 /* UITableViewCell+KTJUtil.m */,
				320803031C28FA060033BC09 /* UITableViewHeaderFooterView+KTJUtil.h */,
				320803041C28FA060033BC09 /* UITableViewHeaderFooterView+KTJUtil.m */,
				320803061C28FA8E0033BC09 /* NSString+KTJUtil.h */,
				320803071C28FA8E0033BC09 /* NSString+KTJUtil.m */,
				320803091C28FAE20033BC09 /* UIControl+KTJUtil.h */,
				3208030A1C28FAE20033BC09 /* UIControl+KTJUtil.m */,
				3208030C1C28FE050033BC09 /* UIGestureRecognizer+KTJUtil.h */,
				3208030D1C28FE050033BC09 /* UIGestureRecognizer+KTJUtil.m */,
				3208030F1C28FEE30033BC09 /* UIImage+KTJUtil.h */,
				320803101C28FEE30033BC09 /* UIImage+KTJUtil.m */,
				320803121C28FF5F0033BC09 /* UIView+KTJUtil.h */,
				320803131C28FF5F0033BC09 /* UIView+KTJUtil.m */,
			);
			path = KTJUtil;
			sourceTree = "<group>";
		};
/* End PBXGroup section */

/* Begin PBXNativeTarget section */
		320802D71C28F7A60033BC09 /* Demp_KTJUtil */ = {
			isa = PBXNativeTarget;
			buildConfigurationList = 320802EF1C28F7A60033BC09 /* Build configuration list for PBXNativeTarget "Demp_KTJUtil" */;
			buildPhases = (
				320802D41C28F7A60033BC09 /* Sources */,
				320802D51C28F7A60033BC09 /* Frameworks */,
				320802D61C28F7A60033BC09 /* Resources */,
			);
			buildRules = (
			);
			dependencies = (
			);
			name = Demp_KTJUtil;
			productName = Demp_KTJUtil;
			productReference = 320802D81C28F7A60033BC09 /* Demp_KTJUtil.app */;
			productType = "com.apple.product-type.application";
		};
/* End PBXNativeTarget section */

/* Begin PBXProject section */
		320802D01C28F7A60033BC09 /* Project object */ = {
			isa = PBXProject;
			attributes = {
				LastUpgradeCheck = 0720;
				ORGANIZATIONNAME = Madordie;
				TargetAttributes = {
					320802D71C28F7A60033BC09 = {
						CreatedOnToolsVersion = 7.2;
					};
				};
			};
			buildConfigurationList = 320802D31C28F7A60033BC09 /* Build configuration list for PBXProject "Demp_KTJUtil" */;
			compatibilityVersion = "Xcode 3.2";
			developmentRegion = English;
			hasScannedForEncodings = 0;
			knownRegions = (
				en,
				Base,
			);
			mainGroup = 320802CF1C28F7A60033BC09;
			productRefGroup = 320802D91C28F7A60033BC09 /* Products */;
			projectDirPath = "";
			projectRoot = "";
			targets = (
				320802D71C28F7A60033BC09 /* Demp_KTJUtil */,
			);
		};
/* End PBXProject section */

/* Begin PBXResourcesBuildPhase section */
		320802D61C28F7A60033BC09 /* Resources */ = {
			isa = PBXResourcesBuildPhase;
			buildActionMask = 2147483647;
			files = (
				320802EB1C28F7A60033BC09 /* LaunchScreen.storyboard in Resources */,
				320802E81C28F7A60033BC09 /* Assets.xcassets in Resources */,
				320802E61C28F7A60033BC09 /* Main.storyboard in Resources */,
			);
			runOnlyForDeploymentPostprocessing = 0;
		};
/* End PBXResourcesBuildPhase section */

/* Begin PBXSourcesBuildPhase section */
		320802D41C28F7A60033BC09 /* Sources */ = {
			isa = PBXSourcesBuildPhase;
			buildActionMask = 2147483647;
			files = (
				320802E31C28F7A60033BC09 /* ViewController.m in Sources */,
				3208030B1C28FAE20033BC09 /* UIControl+KTJUtil.m in Sources */,
				320802E01C28F7A60033BC09 /* AppDelegate.m in Sources */,
				3208030E1C28FE050033BC09 /* UIGestureRecognizer+KTJUtil.m in Sources */,
				320802DD1C28F7A60033BC09 /* main.m in Sources */,
				320803111C28FEE30033BC09 /* UIImage+KTJUtil.m in Sources */,
				320802FC1C28F9240033BC09 /* UITableView+KTJUtil.m in Sources */,
				320802F81C28F7E20033BC09 /* NSObject+KTJUtil.m in Sources */,
				320803021C28F9D00033BC09 /* UITableViewCell+KTJUtil.m in Sources */,
				320803051C28FA060033BC09 /* UITableViewHeaderFooterView+KTJUtil.m in Sources */,
				320803141C28FF5F0033BC09 /* UIView+KTJUtil.m in Sources */,
				320803081C28FA8E0033BC09 /* NSString+KTJUtil.m in Sources */,
			);
			runOnlyForDeploymentPostprocessing = 0;
		};
/* End PBXSourcesBuildPhase section */

/* Begin PBXVariantGroup section */
		320802E41C28F7A60033BC09 /* Main.storyboard */ = {
			isa = PBXVariantGroup;
			children = (
				320802E51C28F7A60033BC09 /* Base */,
			);
			name = Main.storyboard;
			sourceTree = "<group>";
		};
		320802E91C28F7A60033BC09 /* LaunchScreen.storyboard */ = {
			isa = PBXVariantGroup;
			children = (
				320802EA1C28F7A60033BC09 /* Base */,
			);
			name = LaunchScreen.storyboard;
			sourceTree = "<group>";
		};
/* End PBXVariantGroup section */

/* Begin XCBuildConfiguration section */
		320802ED1C28F7A60033BC09 /* Debug */ = {
			isa = XCBuildConfiguration;
			buildSettings = {
				ALWAYS_SEARCH_USER_PATHS = NO;
				CLANG_CXX_LANGUAGE_STANDARD = "gnu++0x";
				CLANG_CXX_LIBRARY = "libc++";
				CLANG_ENABLE_MODULES = YES;
				CLANG_ENABLE_OBJC_ARC = YES;
				CLANG_WARN_BOOL_CONVERSION = YES;
				CLANG_WARN_CONSTANT_CONVERSION = YES;
				CLANG_WARN_DIRECT_OBJC_ISA_USAGE = YES_ERROR;
				CLANG_WARN_EMPTY_BODY = YES;
				CLANG_WARN_ENUM_CONVERSION = YES;
				CLANG_WARN_INT_CONVERSION = YES;
				CLANG_WARN_OBJC_ROOT_CLASS = YES_ERROR;
				CLANG_WARN_UNREACHABLE_CODE = YES;
				CLANG_WARN__DUPLICATE_METHOD_MATCH = YES;
				"CODE_SIGN_IDENTITY[sdk=iphoneos*]" = "iPhone Developer";
				COPY_PHASE_STRIP = NO;
				DEBUG_INFORMATION_FORMAT = dwarf;
				ENABLE_STRICT_OBJC_MSGSEND = YES;
				ENABLE_TESTABILITY = YES;
				GCC_C_LANGUAGE_STANDARD = gnu99;
				GCC_DYNAMIC_NO_PIC = NO;
				GCC_NO_COMMON_BLOCKS = YES;
				GCC_OPTIMIZATION_LEVEL = 0;
				GCC_PREPROCESSOR_DEFINITIONS = (
					"DEBUG=1",
					"$(inherited)",
				);
				GCC_WARN_64_TO_32_BIT_CONVERSION = YES;
				GCC_WARN_ABOUT_RETURN_TYPE = YES_ERROR;
				GCC_WARN_UNDECLARED_SELECTOR = YES;
				GCC_WARN_UNINITIALIZED_AUTOS = YES_AGGRESSIVE;
				GCC_WARN_UNUSED_FUNCTION = YES;
				GCC_WARN_UNUSED_VARIABLE = YES;
				IPHONEOS_DEPLOYMENT_TARGET = 9.2;
				MTL_ENABLE_DEBUG_INFO = YES;
				ONLY_ACTIVE_ARCH = YES;
				SDKROOT = iphoneos;
			};
			name = Debug;
		};
		320802EE1C28F7A60033BC09 /* Release */ = {
			isa = XCBuildConfiguration;
			buildSettings = {
				ALWAYS_SEARCH_USER_PATHS = NO;
				CLANG_CXX_LANGUAGE_STANDARD = "gnu++0x";
				CLANG_CXX_LIBRARY = "libc++";
				CLANG_ENABLE_MODULES = YES;
				CLANG_ENABLE_OBJC_ARC = YES;
				CLANG_WARN_BOOL_CONVERSION = YES;
				CLANG_WARN_CONSTANT_CONVERSION = YES;
				CLANG_WARN_DIRECT_OBJC_ISA_USAGE = YES_ERROR;
				CLANG_WARN_EMPTY_BODY = YES;
				CLANG_WARN_ENUM_CONVERSION = YES;
				CLANG_WARN_INT_CONVERSION = YES;
				CLANG_WARN_OBJC_ROOT_CLASS = YES_ERROR;
				CLANG_WARN_UNREACHABLE_CODE = YES;
				CLANG_WARN__DUPLICATE_METHOD_MATCH = YES;
				"CODE_SIGN_IDENTITY[sdk=iphoneos*]" = "iPhone Developer";
				COPY_PHASE_STRIP = NO;
				DEBUG_INFORMATION_FORMAT = "dwarf-with-dsym";
				ENABLE_NS_ASSERTIONS = NO;
				ENABLE_STRICT_OBJC_MSGSEND = YES;
				GCC_C_LANGUAGE_STANDARD = gnu99;
				GCC_NO_COMMON_BLOCKS = YES;
				GCC_WARN_64_TO_32_BIT_CONVERSION = YES;
				GCC_WARN_ABOUT_RETURN_TYPE = YES_ERROR;
				GCC_WARN_UNDECLARED_SELECTOR = YES;
				GCC_WARN_UNINITIALIZED_AUTOS = YES_AGGRESSIVE;
				GCC_WARN_UNUSED_FUNCTION = YES;
				GCC_WARN_UNUSED_VARIABLE = YES;
				IPHONEOS_DEPLOYMENT_TARGET = 9.2;
				MTL_ENABLE_DEBUG_INFO = NO;
				SDKROOT = iphoneos;
				VALIDATE_PRODUCT = YES;
			};
			name = Release;
		};
		320802F01C28F7A60033BC09 /* Debug */ = {
			isa = XCBuildConfiguration;
			buildSettings = {
				ASSETCATALOG_COMPILER_APPICON_NAME = AppIcon;
				INFOPLIST_FILE = Demp_KTJUtil/Info.plist;
				LD_RUNPATH_SEARCH_PATHS = "$(inherited) @executable_path/Frameworks";
				PRODUCT_BUNDLE_IDENTIFIER = "com.madordie.Demp-KTJUtil";
				PRODUCT_NAME = "$(TARGET_NAME)";
			};
			name = Debug;
		};
		320802F11C28F7A60033BC09 /* Release */ = {
			isa = XCBuildConfiguration;
			buildSettings = {
				ASSETCATALOG_COMPILER_APPICON_NAME = AppIcon;
				INFOPLIST_FILE = Demp_KTJUtil/Info.plist;
				LD_RUNPATH_SEARCH_PATHS = "$(inherited) @executable_path/Frameworks";
				PRODUCT_BUNDLE_IDENTIFIER = "com.madordie.Demp-KTJUtil";
				PRODUCT_NAME = "$(TARGET_NAME)";
			};
			name = Release;
		};
/* End XCBuildConfiguration section */

/* Begin XCConfigurationList section */
		320802D31C28F7A60033BC09 /* Build configuration list for PBXProject "Demp_KTJUtil" */ = {
			isa = XCConfigurationList;
			buildConfigurations = (
				320802ED1C28F7A60033BC09 /* Debug */,
				320802EE1C28F7A60033BC09 /* Release */,
			);
			defaultConfigurationIsVisible = 0;
			defaultConfigurationName = Release;
		};
		320802EF1C28F7A60033BC09 /* Build configuration list for PBXNativeTarget "Demp_KTJUtil" */ = {
			isa = XCConfigurationList;
			buildConfigurations = (
				320802F01C28F7A60033BC09 /* Debug */,
				320802F11C28F7A60033BC09 /* Release */,
			);
			defaultConfigurationIsVisible = 0;
		};
/* End XCConfigurationList section */
	};
	rootObject = 320802D01C28F7A60033BC09 /* Project object */;
}
